
Microsoft Visual Studio Solution File, Format Version 12.00
# Visual Studio Version 16
VisualStudioVersion = 16.0.30621.155
MinimumVisualStudioVersion = 10.0.40219.1
Project("{FAE04EC0-301F-11D3-BF4B-00C04F79EFBC}") = "ConsoleApp27", "ConsoleApp27.csproj", "{0174C7A8-DDBF-4999-8BC6-5CDD60C6EAD7}"
EndProject
Global
	GlobalSection(SolutionConfigurationPlatforms) = preSolution
		Debug|Any CPU = Debug|Any CPU
		Release|Any CPU = Release|Any CPU
	EndGlobalSection
	GlobalSection(ProjectConfigurationPlatforms) = postSolution
		{0174C7A8-DDBF-4999-8BC6-5CDD60C6EAD7}.Debug|Any CPU.ActiveCfg = Debug|Any CPU
		{0174C7A8-DDBF-4999-8BC6-5CDD60C6EAD7}.Debug|Any CPU.Build.0 = Debug|Any CPU
		{0174C7A8-DDBF-4999-8BC6-5CDD60C6EAD7}.Release|Any CPU.ActiveCfg = Release|Any CPU
		{0174C7A8-DDBF-4999-8BC6-5CDD60C6EAD7}.Release|Any CPU.Build.0 = Release|Any CPU
	EndGlobalSection
	GlobalSection(SolutionProperties) = preSolution
		HideSolutionNode = FALSE
	EndGlobalSection
	GlobalSection(ExtensibilityGlobals) = postSolution
		SolutionGuid = {10673C43-0F28-41CB-B0DB-C13272652AD0}
	EndGlobalSection
EndGlobal
